
Microsoft Visual Studio Solution File, Format Version 12.00
# Visual Studio Version 17
VisualStudioVersion = 17.5.002.0
MinimumVisualStudioVersion = 10.0.40219.1
Project("{9A19103F-16F7-4668-BE54-9A1E7A4F7556}") = "APICatalogo", "APICatalogo.csproj", "{7CE1B092-9F37-474A-9281-5992BA2039CE}"
EndProject
Global
	GlobalSection(SolutionConfigurationPlatforms) = preSolution
		Debug|Any CPU = Debug|Any CPU
		Release|Any CPU = Release|Any CPU
	EndGlobalSection
	GlobalSection(ProjectConfigurationPlatforms) = postSolution
		{7CE1B092-9F37-474A-9281-5992BA2039CE}.Debug|Any CPU.ActiveCfg = Debug|Any CPU
		{7CE1B092-9F37-474A-9281-5992BA2039CE}.Debug|Any CPU.Build.0 = Debug|Any CPU
		{7CE1B092-9F37-474A-9281-5992BA2039CE}.Release|Any CPU.ActiveCfg = Release|Any CPU
		{7CE1B092-9F37-474A-9281-5992BA2039CE}.Release|Any CPU.Build.0 = Release|Any CPU
	EndGlobalSection
	GlobalSection(SolutionProperties) = preSolution
		HideSolutionNode = FALSE
	EndGlobalSection
	GlobalSection(ExtensibilityGlobals) = postSolution
		SolutionGuid = {A19A32BA-5A7A-4D57-A6AA-4BC2A8C94BB6}
	EndGlobalSection
EndGlobal
